# THIS IS AN AUTOGENERATED FILE. DO NOT EDIT THIS FILE DIRECTLY.
# yarn lockfile v1


dprint@^0.15.3:
  version "0.15.3"
  resolved "https://registry.yarnpkg.com/dprint/-/dprint-0.15.3.tgz#e33f0e69d792d5117e29e9b89f6fd4fbc875ddae"
  integrity sha512-x/7wc+7TMSj+gO0vzeyU6X/3RqWph1nariuYCuhaF9hFSkmzShMuAhw4aJLxZoS/V/qtDAbJtsZ4/mJeGU1qvg==
