# This file is generated by running "yarn install" inside your project.
# Manual changes might be lost - proceed with caution!

__metadata:
  version: 4
  cacheKey: 8

"leetcode-practice@workspace:.":
  version: 0.0.0-use.local
  resolution: "leetcode-practice@workspace:."
  dependencies:
    prettier: ^2.3.2
  languageName: unknown
  linkType: soft

"prettier@npm:^2.3.2":
  version: 2.3.2
  resolution: "prettier@npm:2.3.2"
  bin:
    prettier: bin-prettier.js
  checksum: 17ce5784ac67621c292df58e2da60b2ee150c2d6aebea22a6ad9e52fcd6a5e66c349d0a8436ea3bd8ff9d778920a5f68000d7625b74f43558718a49755aa5259
  languageName: node
  linkType: hard
